<?xml version="1.0" encoding="utf-8"?>
<Project ToolsVersion="4.0" xmlns="http://schemas.microsoft.com/developer/msbuild/2003">
  <ItemGroup>
    <ClInclude Include="..\source\KWav.h" />
    <ClInclude Include="..\source\Exports.h" />
    <ClInclude Include="..\source\converters\KChannelConverter.h">
      <Filter>Converters</Filter>
    </ClInclude>
    <ClInclude Include="..\source\converters\KSampleRateConverter.h">
      <Filter>Converters</Filter>
    </ClInclude>
  </ItemGroup>
  <ItemGroup>
    <ClCompile Include="..\source\KWav.cpp" />
    <ClCompile Include="..\source\KMain.cpp" />
    <ClCompile Include="..\source\converters\KChannelConverter.cpp">
      <Filter>Converters</Filter>
    </ClCompile>
    <ClCompile Include="..\source\converters\KSampleRateConverter.cpp">
      <Filter>Converters</Filter>
    </ClCompile>
  </ItemGroup>
  <ItemGroup>
    <Filter Include="Converters">
      <UniqueIdentifier>{03bc7450-15a9-4e35-8023-977de09ee343}</UniqueIdentifier>
    </Filter>
  </ItemGroup>
  <ItemGroup>
    <Text Include="Readme.txt" />
  </ItemGroup>
</Project>