<?xml version="1.0" encoding="utf-8"?>
<Project ToolsVersion="4.0" xmlns="http://schemas.microsoft.com/developer/msbuild/2003">
  <ItemGroup>
    <ClCompile Include="..\source\KWav_Test.cpp" />
    <ClCompile Include="..\source\WavConverter_Test.cpp" />
    <ClCompile Include="..\source\converters\KChannelConvert_Test.cpp">
      <Filter>Converters</Filter>
    </ClCompile>
  </ItemGroup>
  <ItemGroup>
    <Filter Include="Converters">
      <UniqueIdentifier>{f7129b3a-ef03-48b2-937a-4775696eb7bd}</UniqueIdentifier>
    </Filter>
  </ItemGroup>
</Project>